# This file is automatically @generated by Cargo.
# It is not intended for manual editing.
version = 4

[[package]]
name = "envcloak"
version = "0.1.0"

[[package]]
name = "envcloak-agents"
version = "0.1.0"

[[package]]
name = "envcloak-core"
version = "0.1.0"

[[package]]
name = "envcloak-ipc"
version = "0.1.0"

[[package]]
name = "envcloak-mcp"
version = "0.1.0"

[[package]]
name = "envcloak-policy"
version = "0.1.0"

[[package]]
name = "envcloak-providers"
version = "0.1.0"

[[package]]
name = "envcloak-proxy"
version = "0.1.0"

[[package]]
name = "envcloak-redact"
version = "0.1.0"

[[package]]
name = "envcloak-sync"
version = "0.1.0"

[[package]]
name = "envcloakd"
version = "0.1.0"
