# This file is automatically @generated by Cargo.
# It is not intended for manual editing.
version = 4

[[package]]
name = "envcloak-lint-canary"
version = "0.0.0"
dependencies = [
 "secrecy",
]

[[package]]
name = "secrecy"
version = "0.10.3"
source = "registry+https://github.com/rust-lang/crates.io-index"
checksum = "e891af845473308773346dc847b2c23ee78fe442e0472ac50e22a18a93d3ae5a"
dependencies = [
 "zeroize",
]

[[package]]
name = "zeroize"
version = "1.9.0"
source = "registry+https://github.com/rust-lang/crates.io-index"
checksum = "e13c156562582aa81c60cb29407084cdb54c4164760106ab78e6c5b0858cf64e"
